
Microsoft Visual Studio Solution File, Format Version 12.00
# Visual Studio Version 17
VisualStudioVersion = 17.6.33815.320
MinimumVisualStudioVersion = 10.0.40219.1
Project("{9A19103F-16F7-4668-BE54-9A1E7A4F7556}") = "TestNuget", "test-nuget\TestNuget.csproj", "{3609F3AF-F7F6-4933-8BE8-203F11AE5686}"
EndProject
Global
	GlobalSection(SolutionConfigurationPlatforms) = preSolution
		Debug|Any CPU = Debug|Any CPU
		Release|Any CPU = Release|Any CPU
	EndGlobalSection
	GlobalSection(ProjectConfigurationPlatforms) = postSolution
		{3609F3AF-F7F6-4933-8BE8-203F11AE5686}.Debug|Any CPU.ActiveCfg = Debug|Any CPU
		{3609F3AF-F7F6-4933-8BE8-203F11AE5686}.Debug|Any CPU.Build.0 = Debug|Any CPU
		{3609F3AF-F7F6-4933-8BE8-203F11AE5686}.Release|Any CPU.ActiveCfg = Release|Any CPU
		{3609F3AF-F7F6-4933-8BE8-203F11AE5686}.Release|Any CPU.Build.0 = Release|Any CPU
	EndGlobalSection
	GlobalSection(SolutionProperties) = preSolution
		HideSolutionNode = FALSE
	EndGlobalSection
	GlobalSection(ExtensibilityGlobals) = postSolution
		SolutionGuid = {BE2F8EB9-02FE-4B4B-A90C-ECAD4DBD50A9}
	EndGlobalSection
EndGlobal
